{
  "nodes": {
    "builtfilter": {
      "inputs": {
        "capacitor": [
          "floxpkgs",
          "capacitor"
        ]
      },
      "locked": {
        "lastModified": 1661869301,
        "narHash": "sha256-LcOkB1sYNCiw0rfDR09TS4v5a2p8wm4yIBPBeuZCIu4=",
        "owner": "flox",
        "repo": "builtfilter",
        "rev": "a37cb0fb1dfb752101eb2936099530872c07c956",
        "type": "github"
      },
      "original": {
        "owner": "flox",
        "ref": "builtfilter-rs",
        "repo": "builtfilter",
        "type": "github"
      }
    },
    "capacitor": {
      "inputs": {
        "nixpkgs": "nixpkgs",
        "root": [
          "floxpkgs"
        ]
      },
      "locked": {
        "lastModified": 1665065733,
        "narHash": "sha256-rc3RbwGSkcvhW/UUQ+CzoY/C66yPlTIlwv8M+m4NHvo=",
        "owner": "flox",
        "repo": "capacitor",
        "rev": "830a026092dbed052442af65f0a5f03a458076e5",
        "type": "github"
      },
      "original": {
        "owner": "flox",
        "repo": "capacitor",
        "type": "github"
      }
    },
    "capacitor_2": {
      "inputs": {
        "nixpkgs": "nixpkgs_3",
        "root": [
          "floxpkgs",
          "nixpkgs"
        ]
      },
      "locked": {
        "lastModified": 1665065733,
        "narHash": "sha256-rc3RbwGSkcvhW/UUQ+CzoY/C66yPlTIlwv8M+m4NHvo=",
        "owner": "flox",
        "repo": "capacitor",
        "rev": "830a026092dbed052442af65f0a5f03a458076e5",
        "type": "github"
      },
      "original": {
        "owner": "flox",
        "ref": "v0",
        "repo": "capacitor",
        "type": "github"
      }
    },
    "catalog": {
      "flake": false,
      "locked": {
        "lastModified": 1665076737,
        "narHash": "sha256-S0bD7Z434Lvm7U4VHwvmxdTMrexdr72Yk6z0ExE3j7s=",
        "owner": "flox",
        "repo": "floxpkgs",
        "rev": "bd8326c2fea27d01933eacb922f5ae70f97140c6",
        "type": "github"
      },
      "original": {
        "owner": "flox",
        "ref": "publish",
        "repo": "floxpkgs",
        "type": "github"
      }
    },
    "flox": {
      "flake": false,
      "locked": {
        "lastModified": 1667601653,
        "narHash": "sha256-IdO9aDU/cqowIEOS6BaRaglvOiUdaYhw3+yRt3+Efxs=",
        "ref": "main",
        "rev": "da551d1513d6d6309a27e14f167636183afa073b",
        "revCount": 52,
        "type": "git",
        "url": "ssh://git@github.com/flox/flox"
      },
      "original": {
        "ref": "main",
        "type": "git",
        "url": "ssh://git@github.com/flox/flox"
      }
    },
    "flox-extras": {
      "inputs": {
        "capacitor": [
          "floxpkgs",
          "capacitor"
        ]
      },
      "locked": {
        "lastModified": 1667511123,
        "narHash": "sha256-rA0NNsxCBbnrnGQ5LMPl90HRfZ9fypSPWIMFyvLI5G8=",
        "owner": "flox",
        "repo": "flox-extras",
        "rev": "daa52b8d8a692d9c267a30228b4b370a1d6a4051",
        "type": "github"
      },
      "original": {
        "owner": "flox",
        "repo": "flox-extras",
        "type": "github"
      }
    },
    "floxpkgs": {
      "inputs": {
        "builtfilter": "builtfilter",
        "capacitor": "capacitor",
        "catalog": "catalog",
        "flox": "flox",
        "flox-extras": "flox-extras",
        "nixpkgs": "nixpkgs_2"
      },
      "locked": {
        "lastModified": 1668019906,
        "narHash": "sha256-F141VuERgecQhnARYB703OUVEgKb2IPiloZvpn1r5xk=",
        "owner": "flox",
        "repo": "floxpkgs",
        "rev": "2b4bcb9d6c1b6cef4966a4716d8af3f296599f9a",
        "type": "github"
      },
      "original": {
        "owner": "flox",
        "repo": "floxpkgs",
        "type": "github"
      }
    },
    "nixpkgs": {
      "locked": {
        "lastModified": 1666703756,
        "narHash": "sha256-GwpMJ1hT+z1fMAUkaGtvbvofJQwdVFDEGVhfE82+AUk=",
        "owner": "flox",
        "repo": "nixpkgs",
        "rev": "f994293d1eb8812f032e8919e10a594567cf6ef7",
        "type": "github"
      },
      "original": {
        "owner": "flox",
        "ref": "stable",
        "repo": "nixpkgs",
        "type": "github"
      }
    },
    "nixpkgs-stable": {
      "locked": {
        "lastModified": 1666703756,
        "narHash": "sha256-GwpMJ1hT+z1fMAUkaGtvbvofJQwdVFDEGVhfE82+AUk=",
        "owner": "flox",
        "repo": "nixpkgs",
        "rev": "f994293d1eb8812f032e8919e10a594567cf6ef7",
        "type": "github"
      },
      "original": {
        "owner": "flox",
        "ref": "stable",
        "repo": "nixpkgs",
        "type": "github"
      }
    },
    "nixpkgs-staging": {
      "locked": {
        "lastModified": 1667231093,
        "narHash": "sha256-RERXruzBEBuf0c7OfZeX1hxEKB+PTCUNxWeB6C1jd8Y=",
        "owner": "flox",
        "repo": "nixpkgs",
        "rev": "d40fea9aeb8840fea0d377baa4b38e39b9582458",
        "type": "github"
      },
      "original": {
        "owner": "flox",
        "ref": "staging",
        "repo": "nixpkgs",
        "type": "github"
      }
    },
    "nixpkgs-unstable": {
      "locked": {
        "lastModified": 1667231093,
        "narHash": "sha256-RERXruzBEBuf0c7OfZeX1hxEKB+PTCUNxWeB6C1jd8Y=",
        "owner": "flox",
        "repo": "nixpkgs",
        "rev": "d40fea9aeb8840fea0d377baa4b38e39b9582458",
        "type": "github"
      },
      "original": {
        "owner": "flox",
        "ref": "unstable",
        "repo": "nixpkgs",
        "type": "github"
      }
    },
    "nixpkgs_2": {
      "inputs": {
        "capacitor": "capacitor_2",
        "flox-extras": [
          "floxpkgs",
          "flox-extras"
        ],
        "nixpkgs": "nixpkgs_4",
        "nixpkgs-stable": "nixpkgs-stable",
        "nixpkgs-staging": "nixpkgs-staging",
        "nixpkgs-unstable": "nixpkgs-unstable",
        "nixpkgs__catalog__aarch64-darwin": "nixpkgs__catalog__aarch64-darwin",
        "nixpkgs__catalog__aarch64-linux": "nixpkgs__catalog__aarch64-linux",
        "nixpkgs__catalog__x86_64-darwin": "nixpkgs__catalog__x86_64-darwin",
        "nixpkgs__catalog__x86_64-linux": "nixpkgs__catalog__x86_64-linux"
      },
      "locked": {
        "lastModified": 1667672808,
        "narHash": "sha256-MhkI5lSUvCIv+kuE5aXN33s3zuPDYWPQVCA+mCym4Co=",
        "owner": "flox",
        "repo": "nixpkgs-flox",
        "rev": "5d0a0407d4f9d176a39f6703f150e60f14bb8a36",
        "type": "github"
      },
      "original": {
        "owner": "flox",
        "repo": "nixpkgs-flox",
        "type": "github"
      }
    },
    "nixpkgs_3": {
      "locked": {
        "lastModified": 1666703756,
        "narHash": "sha256-GwpMJ1hT+z1fMAUkaGtvbvofJQwdVFDEGVhfE82+AUk=",
        "owner": "flox",
        "repo": "nixpkgs",
        "rev": "f994293d1eb8812f032e8919e10a594567cf6ef7",
        "type": "github"
      },
      "original": {
        "owner": "flox",
        "ref": "stable",
        "repo": "nixpkgs",
        "type": "github"
      }
    },
    "nixpkgs_4": {
      "locked": {
        "lastModified": 1666703756,
        "narHash": "sha256-GwpMJ1hT+z1fMAUkaGtvbvofJQwdVFDEGVhfE82+AUk=",
        "owner": "flox",
        "repo": "nixpkgs",
        "rev": "f994293d1eb8812f032e8919e10a594567cf6ef7",
        "type": "github"
      },
      "original": {
        "owner": "flox",
        "ref": "stable",
        "repo": "nixpkgs",
        "type": "github"
      }
    },
    "nixpkgs__catalog__aarch64-darwin": {
      "flake": false,
      "locked": {
        "lastModified": 1667672668,
        "narHash": "sha256-J7wGskY/MZ8yRSHtfkP8j4OieABmld6S0eKVrmfDldE=",
        "owner": "flox",
        "repo": "nixpkgs-catalog",
        "rev": "82412c350c25c405e92deb60796db4f9f852e5f3",
        "type": "github"
      },
      "original": {
        "owner": "flox",
        "ref": "aarch64-darwin",
        "repo": "nixpkgs-catalog",
        "type": "github"
      }
    },
    "nixpkgs__catalog__aarch64-linux": {
      "flake": false,
      "locked": {
        "lastModified": 1667672654,
        "narHash": "sha256-lEZLZ/J0oMUtLgx1n5fvXqqAevCPHdeybO4Z+a5GAoQ=",
        "owner": "flox",
        "repo": "nixpkgs-catalog",
        "rev": "44eb30e54e45f4d9a4d7a9ba900520e86e5fbcb4",
        "type": "github"
      },
      "original": {
        "owner": "flox",
        "ref": "aarch64-linux",
        "repo": "nixpkgs-catalog",
        "type": "github"
      }
    },
    "nixpkgs__catalog__x86_64-darwin": {
      "flake": false,
      "locked": {
        "lastModified": 1667672726,
        "narHash": "sha256-COKT4KA7gCqPCDmTuNegfJvwgd7u3QcGgyshglO15zk=",
        "owner": "flox",
        "repo": "nixpkgs-catalog",
        "rev": "7a95faadb48b76fae86b91733ca0785b10c4cd04",
        "type": "github"
      },
      "original": {
        "owner": "flox",
        "ref": "x86_64-darwin",
        "repo": "nixpkgs-catalog",
        "type": "github"
      }
    },
    "nixpkgs__catalog__x86_64-linux": {
      "flake": false,
      "locked": {
        "lastModified": 1667672711,
        "narHash": "sha256-Hx7dRZBxwWYR/joSarKgCtb//aj4WOFKoVHTEtmOII4=",
        "owner": "flox",
        "repo": "nixpkgs-catalog",
        "rev": "00f5e9ecb5f92ba32a69fa25aef2925f78648ca6",
        "type": "github"
      },
      "original": {
        "owner": "flox",
        "ref": "x86_64-linux",
        "repo": "nixpkgs-catalog",
        "type": "github"
      }
    },
    "root": {
      "inputs": {
        "floxpkgs": "floxpkgs"
      }
    }
  },
  "root": "root",
  "version": 7
}
