{
  "nodes": {
    "builtfilter": {
      "inputs": {
        "capacitor": [
          "flox-floxpkgs",
          "capacitor"
        ]
      },
      "locked": {
        "lastModified": 1661869301,
        "narHash": "sha256-LcOkB1sYNCiw0rfDR09TS4v5a2p8wm4yIBPBeuZCIu4=",
        "owner": "flox",
        "repo": "builtfilter",
        "rev": "a37cb0fb1dfb752101eb2936099530872c07c956",
        "type": "github"
      },
      "original": {
        "owner": "flox",
        "ref": "builtfilter-rs",
        "repo": "builtfilter",
        "type": "github"
      }
    },
    "capacitor": {
      "inputs": {
        "nixpkgs": "nixpkgs",
        "nixpkgs-lib": "nixpkgs-lib"
      },
      "locked": {
        "lastModified": 1672848210,
        "narHash": "sha256-+1wMKDuD6BCVkGQf3KB2vlcQ6jEsqLWhsnuDX021TtI=",
        "owner": "flox",
        "repo": "capacitor",
        "rev": "3ea8857f0f4cfd5c01b69a1cddb7b291f70468e2",
        "type": "github"
      },
      "original": {
        "owner": "flox",
        "ref": "v0",
        "repo": "capacitor",
        "type": "github"
      }
    },
    "catalog": {
      "flake": false,
      "locked": {
        "lastModified": 1665076737,
        "narHash": "sha256-S0bD7Z434Lvm7U4VHwvmxdTMrexdr72Yk6z0ExE3j7s=",
        "owner": "flox",
        "repo": "floxpkgs",
        "rev": "bd8326c2fea27d01933eacb922f5ae70f97140c6",
        "type": "github"
      },
      "original": {
        "owner": "flox",
        "ref": "publish",
        "repo": "floxpkgs",
        "type": "github"
      }
    },
    "flox": {
      "inputs": {
        "flox-floxpkgs": [
          "flox-floxpkgs"
        ]
      },
      "locked": {
        "lastModified": 1673096073,
        "narHash": "sha256-GoYR/RmM9i5XdF26rZAAmozNORpBrTviqA3pE6ypYHQ=",
        "ref": "main",
        "rev": "ff6ddff0910319538b26fa421dbe5559bbc2f3fe",
        "revCount": 123,
        "type": "git",
        "url": "ssh://git@github.com/flox/flox-bash"
      },
      "original": {
        "ref": "main",
        "type": "git",
        "url": "ssh://git@github.com/flox/flox-bash"
      }
    },
    "flox-floxpkgs": {
      "inputs": {
        "builtfilter": "builtfilter",
        "capacitor": "capacitor",
        "catalog": "catalog",
        "flox": "flox",
        "nixpkgs": "nixpkgs_2",
        "tracelinks": "tracelinks"
      },
      "locked": {
        "lastModified": 1673645452,
        "narHash": "sha256-XZ1I/X8q7fG2mPw6o5ZQfADgsiTFCpMWt72B9W8G7kc=",
        "owner": "flox",
        "repo": "floxpkgs",
        "rev": "9fa3c4dcfcc00bc1f6800d1a9e6fcf994e89f9bd",
        "type": "github"
      },
      "original": {
        "owner": "flox",
        "repo": "floxpkgs",
        "type": "github"
      }
    },
    "nixpkgs": {
      "locked": {
        "lastModified": 1671983799,
        "narHash": "sha256-Z2Ro6hFPZHkBqkVXY5/aBUzxi5xizQGvuHQ9+T5B/ks=",
        "owner": "flox",
        "repo": "nixpkgs",
        "rev": "fad51abd42ca17a60fc1d4cb9382e2d79ae31836",
        "type": "github"
      },
      "original": {
        "owner": "flox",
        "ref": "stable",
        "repo": "nixpkgs",
        "type": "github"
      }
    },
    "nixpkgs-lib": {
      "locked": {
        "lastModified": 1673139014,
        "narHash": "sha256-wWtN1TjfsRbI2AYRP4RPcEKv3HVgy6lCCLg0Lyhlxbc=",
        "owner": "nix-community",
        "repo": "nixpkgs.lib",
        "rev": "080b7eb536d3baf70796dcc20abe4ee90618ca3c",
        "type": "github"
      },
      "original": {
        "owner": "nix-community",
        "repo": "nixpkgs.lib",
        "type": "github"
      }
    },
    "nixpkgs-stable": {
      "locked": {
        "lastModified": 1671983799,
        "narHash": "sha256-Z2Ro6hFPZHkBqkVXY5/aBUzxi5xizQGvuHQ9+T5B/ks=",
        "owner": "flox",
        "repo": "nixpkgs",
        "rev": "fad51abd42ca17a60fc1d4cb9382e2d79ae31836",
        "type": "github"
      },
      "original": {
        "owner": "flox",
        "ref": "stable",
        "repo": "nixpkgs",
        "type": "github"
      }
    },
    "nixpkgs-staging": {
      "locked": {
        "lastModified": 1672617983,
        "narHash": "sha256-68WDiCBs631mbDDk4UAKdGURKcsfW6hjb7wgudTAe5o=",
        "owner": "flox",
        "repo": "nixpkgs",
        "rev": "0fc9fca9c8d43edd79d33fea0dd8409d7c4580f4",
        "type": "github"
      },
      "original": {
        "owner": "flox",
        "ref": "staging",
        "repo": "nixpkgs",
        "type": "github"
      }
    },
    "nixpkgs-unstable": {
      "locked": {
        "lastModified": 1672617983,
        "narHash": "sha256-68WDiCBs631mbDDk4UAKdGURKcsfW6hjb7wgudTAe5o=",
        "owner": "flox",
        "repo": "nixpkgs",
        "rev": "0fc9fca9c8d43edd79d33fea0dd8409d7c4580f4",
        "type": "github"
      },
      "original": {
        "owner": "flox",
        "ref": "unstable",
        "repo": "nixpkgs",
        "type": "github"
      }
    },
    "nixpkgs_2": {
      "inputs": {
        "floxpkgs": [
          "flox-floxpkgs"
        ],
        "nixpkgs": "nixpkgs_3",
        "nixpkgs-stable": "nixpkgs-stable",
        "nixpkgs-staging": "nixpkgs-staging",
        "nixpkgs-unstable": "nixpkgs-unstable",
        "nixpkgs__catalog__aarch64-darwin": "nixpkgs__catalog__aarch64-darwin",
        "nixpkgs__catalog__aarch64-linux": "nixpkgs__catalog__aarch64-linux",
        "nixpkgs__catalog__i686-linux": "nixpkgs__catalog__i686-linux",
        "nixpkgs__catalog__x86_64-darwin": "nixpkgs__catalog__x86_64-darwin",
        "nixpkgs__catalog__x86_64-linux": "nixpkgs__catalog__x86_64-linux"
      },
      "locked": {
        "lastModified": 1673631294,
        "narHash": "sha256-YgH+/dF/Xy67HH3RYJLvLAgpughqMnnT+6S1p6cvXfQ=",
        "owner": "flox",
        "repo": "nixpkgs-flox",
        "rev": "e163a215f0cb0fc0886ad439b7e421813aaa2a74",
        "type": "github"
      },
      "original": {
        "owner": "flox",
        "repo": "nixpkgs-flox",
        "type": "github"
      }
    },
    "nixpkgs_3": {
      "locked": {
        "lastModified": 1671983799,
        "narHash": "sha256-Z2Ro6hFPZHkBqkVXY5/aBUzxi5xizQGvuHQ9+T5B/ks=",
        "owner": "flox",
        "repo": "nixpkgs",
        "rev": "fad51abd42ca17a60fc1d4cb9382e2d79ae31836",
        "type": "github"
      },
      "original": {
        "owner": "flox",
        "ref": "stable",
        "repo": "nixpkgs",
        "type": "github"
      }
    },
    "nixpkgs__catalog__aarch64-darwin": {
      "flake": false,
      "locked": {
        "host": "catalog.floxsdlc.com",
        "lastModified": 1673555478,
        "narHash": "sha256-OoX+pjgDxmTH4pc5tYuULZEJ9hp+ct/MgTTn1e3NKXc=",
        "owner": "flox",
        "repo": "nixpkgs-catalog",
        "rev": "56b632740b46d2e8dbe532dde7750e98c710c0ca",
        "type": "github"
      },
      "original": {
        "host": "catalog.floxsdlc.com",
        "owner": "flox",
        "ref": "aarch64-darwin",
        "repo": "nixpkgs-catalog",
        "type": "github"
      }
    },
    "nixpkgs__catalog__aarch64-linux": {
      "flake": false,
      "locked": {
        "host": "catalog.floxsdlc.com",
        "lastModified": 1673555454,
        "narHash": "sha256-/Yj8ZoWkIxgDngFQztiDvUfxgs6xTT4etUL3aVerWZI=",
        "owner": "flox",
        "repo": "nixpkgs-catalog",
        "rev": "bac0c4d5a0b7f65bf71124692b17fdfdd9b52cf3",
        "type": "github"
      },
      "original": {
        "host": "catalog.floxsdlc.com",
        "owner": "flox",
        "ref": "aarch64-linux",
        "repo": "nixpkgs-catalog",
        "type": "github"
      }
    },
    "nixpkgs__catalog__i686-linux": {
      "flake": false,
      "locked": {
        "host": "catalog.floxsdlc.com",
        "lastModified": 1673555586,
        "narHash": "sha256-VdhGxXnPYufNEiNF6b8QTDHjxvsVHxJpk6e+IOY9iL4=",
        "owner": "flox",
        "repo": "nixpkgs-catalog",
        "rev": "ac1a840a4cf0c2b3be9ccb127b9e9d1feb17a5ac",
        "type": "github"
      },
      "original": {
        "host": "catalog.floxsdlc.com",
        "owner": "flox",
        "ref": "i686-linux",
        "repo": "nixpkgs-catalog",
        "type": "github"
      }
    },
    "nixpkgs__catalog__x86_64-darwin": {
      "flake": false,
      "locked": {
        "host": "catalog.floxsdlc.com",
        "lastModified": 1673555575,
        "narHash": "sha256-qtodejSXfw8Ut/EWO60i2sk0kE1PwOzJFbCxKAYbw4s=",
        "owner": "flox",
        "repo": "nixpkgs-catalog",
        "rev": "b0779d7bcb6f0c9d3506a3a459c1615fe9de5a78",
        "type": "github"
      },
      "original": {
        "host": "catalog.floxsdlc.com",
        "owner": "flox",
        "ref": "x86_64-darwin",
        "repo": "nixpkgs-catalog",
        "type": "github"
      }
    },
    "nixpkgs__catalog__x86_64-linux": {
      "flake": false,
      "locked": {
        "host": "catalog.floxsdlc.com",
        "lastModified": 1673555550,
        "narHash": "sha256-11+5aS8Q15cz6U4cgsWf/gA4QFSo5cdsbqc5J2RKQJE=",
        "owner": "flox",
        "repo": "nixpkgs-catalog",
        "rev": "d38ddf9c20aa652cf66069c71c85c9cb2b49461f",
        "type": "github"
      },
      "original": {
        "host": "catalog.floxsdlc.com",
        "owner": "flox",
        "ref": "x86_64-linux",
        "repo": "nixpkgs-catalog",
        "type": "github"
      }
    },
    "root": {
      "inputs": {
        "flox-floxpkgs": "flox-floxpkgs"
      }
    },
    "tracelinks": {
      "inputs": {
        "floxpkgs": [
          "flox-floxpkgs"
        ]
      },
      "locked": {
        "lastModified": 1669934358,
        "narHash": "sha256-BxN0D6q2p8B46I7EiKdZRf7zfoIy+E+tLnVNyK/sWDY=",
        "ref": "main",
        "rev": "317a48f29ca13277b6be0f127820163304fef778",
        "revCount": 8,
        "type": "git",
        "url": "ssh://git@github.com/flox/tracelinks"
      },
      "original": {
        "ref": "main",
        "type": "git",
        "url": "ssh://git@github.com/flox/tracelinks"
      }
    }
  },
  "root": "root",
  "version": 7
}
