# This file was autogenerated by Stack.
# You should not edit this file by hand.
# For more information, please see the documentation at:
#   https://docs.haskellstack.org/en/stable/lock_files

packages: []
snapshots:
- completed:
    sha256: 3f8b2c49f068dd80cbd988d987db06f5ae928dee88e32f1fe84e90f9c9186a43
    size: 643193
    url: https://raw.githubusercontent.com/commercialhaskell/stackage-snapshots/master/nightly/2022/9/29.yaml
  original: nightly-2022-09-29
