# This file was autogenerated by Stack.
# You should not edit this file by hand.
# For more information, please see the documentation at:
#   https://docs.haskellstack.org/en/stable/lock_files

packages: []
snapshots:
- completed:
    sha256: afd5ba64ab602cabc2d3942d3d7e7dd6311bc626dcb415b901eaf576cb62f0ea
    size: 640060
    url: https://raw.githubusercontent.com/commercialhaskell/stackage-snapshots/master/lts/21/22.yaml
  original: lts-21.22
