# This file was autogenerated by Stack.
# You should not edit this file by hand.
# For more information, please see the documentation at:
#   https://docs.haskellstack.org/en/stable/lock_files

packages:
- completed:
    hackage: hedgehog-1.0.2@sha256:55b4b61b033ba24981aba08037600e350257797f8de5ac3982a84b645ca62f79,4582
    pantry-tree:
      size: 2549
      sha256: 94eca423ddede0e356df80b60ec226ee9ad3cb94d3a67ba2a0ec5c44b92c8c28
  original:
    hackage: hedgehog-1.0.2
- completed:
    hackage: tasty-hedgehog-1.0.0.2@sha256:d0b05ad771f5b5f7a5866a9707a9c29e4fdf05504109ad466c39fde09f8c9564,1845
    pantry-tree:
      size: 330
      sha256: 6578288784ba286db7518b6404cf67f6c15f67f6c2bbbf36484c11f98e423b53
  original:
    hackage: tasty-hedgehog-1.0.0.2
snapshots:
- completed:
    size: 491389
    url: https://raw.githubusercontent.com/commercialhaskell/stackage-snapshots/master/lts/15/7.yaml
    sha256: 92ab6303fe20ec928461c82ce0980b4d17c06f4e66205a2967e476474f686c17
  original: lts-15.7
